
Microsoft Visual Studio Solution File, Format Version 12.00
# Visual Studio Version 16
VisualStudioVersion = 16.0.31005.135
MinimumVisualStudioVersion = 10.0.40219.1
Project("{888888A0-9F3D-457C-B088-3A5042F75D52}") = "MontessoriEffect", "MontessoriEffect.pyproj", "{B21CE76C-573B-4B18-BC49-D78F42ED2017}"
EndProject
Global
	GlobalSection(SolutionConfigurationPlatforms) = preSolution
		Debug|Any CPU = Debug|Any CPU
		Release|Any CPU = Release|Any CPU
	EndGlobalSection
	GlobalSection(ProjectConfigurationPlatforms) = postSolution
		{B21CE76C-573B-4B18-BC49-D78F42ED2017}.Debug|Any CPU.ActiveCfg = Debug|Any CPU
		{B21CE76C-573B-4B18-BC49-D78F42ED2017}.Debug|Any CPU.Build.0 = Debug|Any CPU
		{B21CE76C-573B-4B18-BC49-D78F42ED2017}.Release|Any CPU.ActiveCfg = Release|Any CPU
		{B21CE76C-573B-4B18-BC49-D78F42ED2017}.Release|Any CPU.Build.0 = Release|Any CPU
	EndGlobalSection
	GlobalSection(SolutionProperties) = preSolution
		HideSolutionNode = FALSE
	EndGlobalSection
	GlobalSection(ExtensibilityGlobals) = postSolution
		SolutionGuid = {84F820AF-49B5-4E90-B540-1B816D8BCF06}
	EndGlobalSection
EndGlobal
